// !$*UTF8*$!
{
	archiveVersion = 1;
	classes = {
	};
	objectVersion = 46;
	objects = {

/* Begin PBXBuildFile section */
		48E0A60D1D97D40D00B1CC94 /* ChartViewController.m in Sources */ = {isa = PBXBuildFile; fileRef = 48E0A60B1D97D40D00B1CC94 /* ChartViewController.m */; };
		48E0A60E1D97D40D00B1CC94 /* ChartViewController.xib in Resources */ = {isa = PBXBuildFile; fileRef = 48E0A60C1D97D40D00B1CC94 /* ChartViewController.xib */; };
		48E0A6381D97D63E00B1CC94 /* CacheHelper.m in Sources */ = {isa = PBXBuildFile; fileRef = 48E0A6331D97D63E00B1CC94 /* CacheHelper.m */; };
		48E0A6391D97D63E00B1CC94 /* EncryptHelper.m in Sources */ = {isa = PBXBuildFile; fileRef = 48E0A6351D97D63E00B1CC94 /* EncryptHelper.m */; };
		48E0A63A1D97D63E00B1CC94 /* ResourceHelper.m in Sources */ = {isa = PBXBuildFile; fileRef = 48E0A6371D97D63E00B1CC94 /* ResourceHelper.m */; };
		48E0A63D1D97D69200B1CC94 /* AreaChartModel.m in Sources */ = {isa = PBXBuildFile; fileRef = 48E0A63C1D97D69200B1CC94 /* AreaChartModel.m */; };
		48E0A6441D97D6B300B1CC94 /* CandleChartModel.m in Sources */ = {isa = PBXBuildFile; fileRef = 48E0A63F1D97D6B300B1CC94 /* CandleChartModel.m */; };
		48E0A6451D97D6B300B1CC94 /* ChartModel.m in Sources */ = {isa = PBXBuildFile; fileRef = 48E0A6411D97D6B300B1CC94 /* ChartModel.m */; };
		48E0A6461D97D6B300B1CC94 /* ColumnChartModel.m in Sources */ = {isa = PBXBuildFile; fileRef = 48E0A6431D97D6B300B1CC94 /* ColumnChartModel.m */; };
		48E0A6491D97D6C200B1CC94 /* Chart.m in Sources */ = {isa = PBXBuildFile; fileRef = 48E0A6481D97D6C200B1CC94 /* Chart.m */; };
		48E0A64C1D97D9A100B1CC94 /* YAxis.m in Sources */ = {isa = PBXBuildFile; fileRef = 48E0A64B1D97D9A100B1CC94 /* YAxis.m */; };
		48E0A64F1D98323500B1CC94 /* Section.m in Sources */ = {isa = PBXBuildFile; fileRef = 48E0A64E1D98323500B1CC94 /* Section.m */; };
		48E0A6521D98325E00B1CC94 /* LineChartModel.m in Sources */ = {isa = PBXBuildFile; fileRef = 48E0A6511D98325E00B1CC94 /* LineChartModel.m */; };
		48E0A6591D98330600B1CC94 /* Date.m in Sources */ = {isa = PBXBuildFile; fileRef = 48E0A6581D98330600B1CC94 /* Date.m */; };
		48E0A65C1D98337400B1CC94 /* JSONKit.m in Sources */ = {isa = PBXBuildFile; fileRef = 48E0A65B1D98337400B1CC94 /* JSONKit.m */; settings = {COMPILER_FLAGS = "-fno-objc-arc"; }; };
		48E0A65E1D98344A00B1CC94 /* indicators.json in Resources */ = {isa = PBXBuildFile; fileRef = 48E0A65D1D98344A00B1CC94 /* indicators.json */; };
		48E0A6611D9834E700B1CC94 /* CFNetwork.framework in Frameworks */ = {isa = PBXBuildFile; fileRef = 48E0A6601D9834E700B1CC94 /* CFNetwork.framework */; };
		48E0A6631D9834EE00B1CC94 /* SystemConfiguration.framework in Frameworks */ = {isa = PBXBuildFile; fileRef = 48E0A6621D9834EE00B1CC94 /* SystemConfiguration.framework */; };
		48E0A6651D98351A00B1CC94 /* MobileCoreServices.framework in Frameworks */ = {isa = PBXBuildFile; fileRef = 48E0A6641D98351A00B1CC94 /* MobileCoreServices.framework */; };
		48E0A6671D98352A00B1CC94 /* UIKit.framework in Frameworks */ = {isa = PBXBuildFile; fileRef = 48E0A6661D98352A00B1CC94 /* UIKit.framework */; };
		48E0A6691D98353000B1CC94 /* Foundation.framework in Frameworks */ = {isa = PBXBuildFile; fileRef = 48E0A6681D98353000B1CC94 /* Foundation.framework */; };
		48E0A66B1D98353E00B1CC94 /* CoreGraphics.framework in Frameworks */ = {isa = PBXBuildFile; fileRef = 48E0A66A1D98353E00B1CC94 /* CoreGraphics.framework */; };
		48E0A66D1D98354400B1CC94 /* QuartzCore.framework in Frameworks */ = {isa = PBXBuildFile; fileRef = 48E0A66C1D98354400B1CC94 /* QuartzCore.framework */; };
		48E0A6721D9835E800B1CC94 /* libz.tbd in Frameworks */ = {isa = PBXBuildFile; fileRef = 48E0A6711D9835E800B1CC94 /* libz.tbd */; };
		48E0A6811D99723000B1CC94 /* AFHTTPSessionManager.m in Sources */ = {isa = PBXBuildFile; fileRef = 48E0A6751D99723000B1CC94 /* AFHTTPSessionManager.m */; };
		48E0A6821D99723000B1CC94 /* AFNetworkReachabilityManager.m in Sources */ = {isa = PBXBuildFile; fileRef = 48E0A6781D99723000B1CC94 /* AFNetworkReachabilityManager.m */; };
		48E0A6831D99723000B1CC94 /* AFSecurityPolicy.m in Sources */ = {isa = PBXBuildFile; fileRef = 48E0A67A1D99723000B1CC94 /* AFSecurityPolicy.m */; };
		48E0A6841D99723000B1CC94 /* AFURLRequestSerialization.m in Sources */ = {isa = PBXBuildFile; fileRef = 48E0A67C1D99723000B1CC94 /* AFURLRequestSerialization.m */; };
		48E0A6851D99723000B1CC94 /* AFURLResponseSerialization.m in Sources */ = {isa = PBXBuildFile; fileRef = 48E0A67E1D99723000B1CC94 /* AFURLResponseSerialization.m */; };
		48E0A6861D99723000B1CC94 /* AFURLSessionManager.m in Sources */ = {isa = PBXBuildFile; fileRef = 48E0A6801D99723000B1CC94 /* AFURLSessionManager.m */; };
		48E0A6881D9D592400B1CC94 /* back-white-nor@2x.png in Resources */ = {isa = PBXBuildFile; fileRef = 48E0A6871D9D592400B1CC94 /* back-white-nor@2x.png */; };
		48F6360A1D94158200721C36 /* main.m in Sources */ = {isa = PBXBuildFile; fileRef = 48F636091D94158200721C36 /* main.m */; };
		48F6360D1D94158200721C36 /* AppDelegate.m in Sources */ = {isa = PBXBuildFile; fileRef = 48F6360C1D94158200721C36 /* AppDelegate.m */; };
		48F636101D94158200721C36 /* ViewController.m in Sources */ = {isa = PBXBuildFile; fileRef = 48F6360F1D94158200721C36 /* ViewController.m */; };
		48F636131D94158200721C36 /* Main.storyboard in Resources */ = {isa = PBXBuildFile; fileRef = 48F636111D94158200721C36 /* Main.storyboard */; };
		48F636151D94158200721C36 /* Assets.xcassets in Resources */ = {isa = PBXBuildFile; fileRef = 48F636141D94158200721C36 /* Assets.xcassets */; };
		48F636181D94158200721C36 /* LaunchScreen.storyboard in Resources */ = {isa = PBXBuildFile; fileRef = 48F636161D94158200721C36 /* LaunchScreen.storyboard */; };
		48F636201D941BF700721C36 /* KchatViewController.xib in Resources */ = {isa = PBXBuildFile; fileRef = 48F6361F1D941BF700721C36 /* KchatViewController.xib */; };
/* End PBXBuildFile section */

/* Begin PBXFileReference section */
		48E0A60A1D97D40D00B1CC94 /* ChartViewController.h */ = {isa = PBXFileReference; fileEncoding = 4; lastKnownFileType = sourcecode.c.h; path = ChartViewController.h; sourceTree = "<group>"; };
		48E0A60B1D97D40D00B1CC94 /* ChartViewController.m */ = {isa = PBXFileReference; fileEncoding = 4; lastKnownFileType = sourcecode.c.objc; path = ChartViewController.m; sourceTree = "<group>"; };
		48E0A60C1D97D40D00B1CC94 /* ChartViewController.xib */ = {isa = PBXFileReference; fileEncoding = 4; lastKnownFileType = file.xib; path = ChartViewController.xib; sourceTree = "<group>"; };
		48E0A6321D97D63E00B1CC94 /* CacheHelper.h */ = {isa = PBXFileReference; fileEncoding = 4; lastKnownFileType = sourcecode.c.h; path = CacheHelper.h; sourceTree = "<group>"; };
		48E0A6331D97D63E00B1CC94 /* CacheHelper.m */ = {isa = PBXFileReference; fileEncoding = 4; lastKnownFileType = sourcecode.c.objc; path = CacheHelper.m; sourceTree = "<group>"; };
		48E0A6341D97D63E00B1CC94 /* EncryptHelper.h */ = {isa = PBXFileReference; fileEncoding = 4; lastKnownFileType = sourcecode.c.h; path = EncryptHelper.h; sourceTree = "<group>"; };
		48E0A6351D97D63E00B1CC94 /* EncryptHelper.m */ = {isa = PBXFileReference; fileEncoding = 4; lastKnownFileType = sourcecode.c.objc; path = EncryptHelper.m; sourceTree = "<group>"; };
		48E0A6361D97D63E00B1CC94 /* ResourceHelper.h */ = {isa = PBXFileReference; fileEncoding = 4; lastKnownFileType = sourcecode.c.h; path = ResourceHelper.h; sourceTree = "<group>"; };
		48E0A6371D97D63E00B1CC94 /* ResourceHelper.m */ = {isa = PBXFileReference; fileEncoding = 4; lastKnownFileType = sourcecode.c.objc; path = ResourceHelper.m; sourceTree = "<group>"; };
		48E0A63B1D97D69200B1CC94 /* AreaChartModel.h */ = {isa = PBXFileReference; fileEncoding = 4; lastKnownFileType = sourcecode.c.h; path = AreaChartModel.h; sourceTree = "<group>"; };
		48E0A63C1D97D69200B1CC94 /* AreaChartModel.m */ = {isa = PBXFileReference; fileEncoding = 4; lastKnownFileType = sourcecode.c.objc; path = AreaChartModel.m; sourceTree = "<group>"; };
		48E0A63E1D97D6B300B1CC94 /* CandleChartModel.h */ = {isa = PBXFileReference; fileEncoding = 4; lastKnownFileType = sourcecode.c.h; path = CandleChartModel.h; sourceTree = "<group>"; };
		48E0A63F1D97D6B300B1CC94 /* CandleChartModel.m */ = {isa = PBXFileReference; fileEncoding = 4; lastKnownFileType = sourcecode.c.objc; path = CandleChartModel.m; sourceTree = "<group>"; };
		48E0A6401D97D6B300B1CC94 /* ChartModel.h */ = {isa = PBXFileReference; fileEncoding = 4; lastKnownFileType = sourcecode.c.h; path = ChartModel.h; sourceTree = "<group>"; };
		48E0A6411D97D6B300B1CC94 /* ChartModel.m */ = {isa = PBXFileReference; fileEncoding = 4; lastKnownFileType = sourcecode.c.objc; path = ChartModel.m; sourceTree = "<group>"; };
		48E0A6421D97D6B300B1CC94 /* ColumnChartModel.h */ = {isa = PBXFileReference; fileEncoding = 4; lastKnownFileType = sourcecode.c.h; path = ColumnChartModel.h; sourceTree = "<group>"; };
		48E0A6431D97D6B300B1CC94 /* ColumnChartModel.m */ = {isa = PBXFileReference; fileEncoding = 4; lastKnownFileType = sourcecode.c.objc; path = ColumnChartModel.m; sourceTree = "<group>"; };
		48E0A6471D97D6C200B1CC94 /* Chart.h */ = {isa = PBXFileReference; fileEncoding = 4; lastKnownFileType = sourcecode.c.h; path = Chart.h; sourceTree = "<group>"; };
		48E0A6481D97D6C200B1CC94 /* Chart.m */ = {isa = PBXFileReference; fileEncoding = 4; lastKnownFileType = sourcecode.c.objc; path = Chart.m; sourceTree = "<group>"; };
		48E0A64A1D97D9A100B1CC94 /* YAxis.h */ = {isa = PBXFileReference; fileEncoding = 4; lastKnownFileType = sourcecode.c.h; path = YAxis.h; sourceTree = "<group>"; };
		48E0A64B1D97D9A100B1CC94 /* YAxis.m */ = {isa = PBXFileReference; fileEncoding = 4; lastKnownFileType = sourcecode.c.objc; path = YAxis.m; sourceTree = "<group>"; };
		48E0A64D1D98323500B1CC94 /* Section.h */ = {isa = PBXFileReference; fileEncoding = 4; lastKnownFileType = sourcecode.c.h; path = Section.h; sourceTree = "<group>"; };
		48E0A64E1D98323500B1CC94 /* Section.m */ = {isa = PBXFileReference; fileEncoding = 4; lastKnownFileType = sourcecode.c.objc; path = Section.m; sourceTree = "<group>"; };
		48E0A6501D98325E00B1CC94 /* LineChartModel.h */ = {isa = PBXFileReference; fileEncoding = 4; lastKnownFileType = sourcecode.c.h; path = LineChartModel.h; sourceTree = "<group>"; };
		48E0A6511D98325E00B1CC94 /* LineChartModel.m */ = {isa = PBXFileReference; fileEncoding = 4; lastKnownFileType = sourcecode.c.objc; path = LineChartModel.m; sourceTree = "<group>"; };
		48E0A6571D98330600B1CC94 /* Date.h */ = {isa = PBXFileReference; fileEncoding = 4; lastKnownFileType = sourcecode.c.h; path = Date.h; sourceTree = "<group>"; };
		48E0A6581D98330600B1CC94 /* Date.m */ = {isa = PBXFileReference; fileEncoding = 4; lastKnownFileType = sourcecode.c.objc; path = Date.m; sourceTree = "<group>"; };
		48E0A65A1D98337400B1CC94 /* JSONKit.h */ = {isa = PBXFileReference; fileEncoding = 4; lastKnownFileType = sourcecode.c.h; path = JSONKit.h; sourceTree = "<group>"; };
		48E0A65B1D98337400B1CC94 /* JSONKit.m */ = {isa = PBXFileReference; fileEncoding = 4; lastKnownFileType = sourcecode.c.objc; path = JSONKit.m; sourceTree = "<group>"; };
		48E0A65D1D98344A00B1CC94 /* indicators.json */ = {isa = PBXFileReference; fileEncoding = 4; lastKnownFileType = text.json; path = indicators.json; sourceTree = "<group>"; };
		48E0A6601D9834E700B1CC94 /* CFNetwork.framework */ = {isa = PBXFileReference; lastKnownFileType = wrapper.framework; name = CFNetwork.framework; path = System/Library/Frameworks/CFNetwork.framework; sourceTree = SDKROOT; };
		48E0A6621D9834EE00B1CC94 /* SystemConfiguration.framework */ = {isa = PBXFileReference; lastKnownFileType = wrapper.framework; name = SystemConfiguration.framework; path = System/Library/Frameworks/SystemConfiguration.framework; sourceTree = SDKROOT; };
		48E0A6641D98351A00B1CC94 /* MobileCoreServices.framework */ = {isa = PBXFileReference; lastKnownFileType = wrapper.framework; name = MobileCoreServices.framework; path = System/Library/Frameworks/MobileCoreServices.framework; sourceTree = SDKROOT; };
		48E0A6661D98352A00B1CC94 /* UIKit.framework */ = {isa = PBXFileReference; lastKnownFileType = wrapper.framework; name = UIKit.framework; path = System/Library/Frameworks/UIKit.framework; sourceTree = SDKROOT; };
		48E0A6681D98353000B1CC94 /* Foundation.framework */ = {isa = PBXFileReference; lastKnownFileType = wrapper.framework; name = Foundation.framework; path = System/Library/Frameworks/Foundation.framework; sourceTree = SDKROOT; };
		48E0A66A1D98353E00B1CC94 /* CoreGraphics.framework */ = {isa = PBXFileReference; lastKnownFileType = wrapper.framework; name = CoreGraphics.framework; path = System/Library/Frameworks/CoreGraphics.framework; sourceTree = SDKROOT; };
		48E0A66C1D98354400B1CC94 /* QuartzCore.framework */ = {isa = PBXFileReference; lastKnownFileType = wrapper.framework; name = QuartzCore.framework; path = System/Library/Frameworks/QuartzCore.framework; sourceTree = SDKROOT; };
		48E0A6711D9835E800B1CC94 /* libz.tbd */ = {isa = PBXFileReference; lastKnownFileType = "sourcecode.text-based-dylib-definition"; name = libz.tbd; path = usr/lib/libz.tbd; sourceTree = SDKROOT; };
		48E0A6741D99723000B1CC94 /* AFHTTPSessionManager.h */ = {isa = PBXFileReference; fileEncoding = 4; lastKnownFileType = sourcecode.c.h; path = AFHTTPSessionManager.h; sourceTree = "<group>"; };
		48E0A6751D99723000B1CC94 /* AFHTTPSessionManager.m */ = {isa = PBXFileReference; fileEncoding = 4; lastKnownFileType = sourcecode.c.objc; path = AFHTTPSessionManager.m; sourceTree = "<group>"; };
		48E0A6761D99723000B1CC94 /* AFNetworking.h */ = {isa = PBXFileReference; fileEncoding = 4; lastKnownFileType = sourcecode.c.h; path = AFNetworking.h; sourceTree = "<group>"; };
		48E0A6771D99723000B1CC94 /* AFNetworkReachabilityManager.h */ = {isa = PBXFileReference; fileEncoding = 4; lastKnownFileType = sourcecode.c.h; path = AFNetworkReachabilityManager.h; sourceTree = "<group>"; };
		48E0A6781D99723000B1CC94 /* AFNetworkReachabilityManager.m */ = {isa = PBXFileReference; fileEncoding = 4; lastKnownFileType = sourcecode.c.objc; path = AFNetworkReachabilityManager.m; sourceTree = "<group>"; };
		48E0A6791D99723000B1CC94 /* AFSecurityPolicy.h */ = {isa = PBXFileReference; fileEncoding = 4; lastKnownFileType = sourcecode.c.h; path = AFSecurityPolicy.h; sourceTree = "<group>"; };
		48E0A67A1D99723000B1CC94 /* AFSecurityPolicy.m */ = {isa = PBXFileReference; fileEncoding = 4; lastKnownFileType = sourcecode.c.objc; path = AFSecurityPolicy.m; sourceTree = "<group>"; };
		48E0A67B1D99723000B1CC94 /* AFURLRequestSerialization.h */ = {isa = PBXFileReference; fileEncoding = 4; lastKnownFileType = sourcecode.c.h; path = AFURLRequestSerialization.h; sourceTree = "<group>"; };
		48E0A67C1D99723000B1CC94 /* AFURLRequestSerialization.m */ = {isa = PBXFileReference; fileEncoding = 4; lastKnownFileType = sourcecode.c.objc; path = AFURLRequestSerialization.m; sourceTree = "<group>"; };
		48E0A67D1D99723000B1CC94 /* AFURLResponseSerialization.h */ = {isa = PBXFileReference; fileEncoding = 4; lastKnownFileType = sourcecode.c.h; path = AFURLResponseSerialization.h; sourceTree = "<group>"; };
		48E0A67E1D99723000B1CC94 /* AFURLResponseSerialization.m */ = {isa = PBXFileReference; fileEncoding = 4; lastKnownFileType = sourcecode.c.objc; path = AFURLResponseSerialization.m; sourceTree = "<group>"; };
		48E0A67F1D99723000B1CC94 /* AFURLSessionManager.h */ = {isa = PBXFileReference; fileEncoding = 4; lastKnownFileType = sourcecode.c.h; path = AFURLSessionManager.h; sourceTree = "<group>"; };
		48E0A6801D99723000B1CC94 /* AFURLSessionManager.m */ = {isa = PBXFileReference; fileEncoding = 4; lastKnownFileType = sourcecode.c.objc; path = AFURLSessionManager.m; sourceTree = "<group>"; };
		48E0A6871D9D592400B1CC94 /* back-white-nor@2x.png */ = {isa = PBXFileReference; lastKnownFileType = image.png; path = "back-white-nor@2x.png"; sourceTree = "<group>"; };
		48F636051D94158200721C36 /* Kchat.app */ = {isa = PBXFileReference; explicitFileType = wrapper.application; includeInIndex = 0; path = Kchat.app; sourceTree = BUILT_PRODUCTS_DIR; };
		48F636091D94158200721C36 /* main.m */ = {isa = PBXFileReference; lastKnownFileType = sourcecode.c.objc; path = main.m; sourceTree = "<group>"; };
		48F6360B1D94158200721C36 /* AppDelegate.h */ = {isa = PBXFileReference; lastKnownFileType = sourcecode.c.h; path = AppDelegate.h; sourceTree = "<group>"; };
		48F6360C1D94158200721C36 /* AppDelegate.m */ = {isa = PBXFileReference; lastKnownFileType = sourcecode.c.objc; path = AppDelegate.m; sourceTree = "<group>"; };
		48F6360E1D94158200721C36 /* ViewController.h */ = {isa = PBXFileReference; lastKnownFileType = sourcecode.c.h; path = ViewController.h; sourceTree = "<group>"; };
		48F6360F1D94158200721C36 /* ViewController.m */ = {isa = PBXFileReference; lastKnownFileType = sourcecode.c.objc; path = ViewController.m; sourceTree = "<group>"; };
		48F636121D94158200721C36 /* Base */ = {isa = PBXFileReference; lastKnownFileType = file.storyboard; name = Base; path = Base.lproj/Main.storyboard; sourceTree = "<group>"; };
		48F636141D94158200721C36 /* Assets.xcassets */ = {isa = PBXFileReference; lastKnownFileType = folder.assetcatalog; path = Assets.xcassets; sourceTree = "<group>"; };
		48F636171D94158200721C36 /* Base */ = {isa = PBXFileReference; lastKnownFileType = file.storyboard; name = Base; path = Base.lproj/LaunchScreen.storyboard; sourceTree = "<group>"; };
		48F636191D94158200721C36 /* Info.plist */ = {isa = PBXFileReference; lastKnownFileType = text.plist.xml; path = Info.plist; sourceTree = "<group>"; };
		48F6361F1D941BF700721C36 /* KchatViewController.xib */ = {isa = PBXFileReference; fileEncoding = 4; lastKnownFileType = file.xib; path = KchatViewController.xib; sourceTree = "<group>"; };
/* End PBXFileReference section */

/* Begin PBXFrameworksBuildPhase section */
		48F636021D94158200721C36 /* Frameworks */ = {
			isa = PBXFrameworksBuildPhase;
			buildActionMask = 2147483647;
			files = (
				48E0A6721D9835E800B1CC94 /* libz.tbd in Frameworks */,
				48E0A66D1D98354400B1CC94 /* QuartzCore.framework in Frameworks */,
				48E0A66B1D98353E00B1CC94 /* CoreGraphics.framework in Frameworks */,
				48E0A6691D98353000B1CC94 /* Foundation.framework in Frameworks */,
				48E0A6671D98352A00B1CC94 /* UIKit.framework in Frameworks */,
				48E0A6651D98351A00B1CC94 /* MobileCoreServices.framework in Frameworks */,
				48E0A6631D9834EE00B1CC94 /* SystemConfiguration.framework in Frameworks */,
				48E0A6611D9834E700B1CC94 /* CFNetwork.framework in Frameworks */,
			);
			runOnlyForDeploymentPostprocessing = 0;
		};
/* End PBXFrameworksBuildPhase section */

/* Begin PBXGroup section */
		48E0A60F1D97D52D00B1CC94 /* lib */ = {
			isa = PBXGroup;
			children = (
				48E0A6731D99723000B1CC94 /* AFNetworking */,
				48E0A65A1D98337400B1CC94 /* JSONKit.h */,
				48E0A65B1D98337400B1CC94 /* JSONKit.m */,
				48E0A6311D97D63E00B1CC94 /* helper */,
			);
			name = lib;
			sourceTree = "<group>";
		};
		48E0A6301D97D61200B1CC94 /* model */ = {
			isa = PBXGroup;
			children = (
				48E0A6501D98325E00B1CC94 /* LineChartModel.h */,
				48E0A6511D98325E00B1CC94 /* LineChartModel.m */,
				48E0A63E1D97D6B300B1CC94 /* CandleChartModel.h */,
				48E0A63F1D97D6B300B1CC94 /* CandleChartModel.m */,
				48E0A6401D97D6B300B1CC94 /* ChartModel.h */,
				48E0A6411D97D6B300B1CC94 /* ChartModel.m */,
				48E0A6421D97D6B300B1CC94 /* ColumnChartModel.h */,
				48E0A6431D97D6B300B1CC94 /* ColumnChartModel.m */,
				48E0A63B1D97D69200B1CC94 /* AreaChartModel.h */,
				48E0A63C1D97D69200B1CC94 /* AreaChartModel.m */,
			);
			name = model;
			sourceTree = "<group>";
		};
		48E0A6311D97D63E00B1CC94 /* helper */ = {
			isa = PBXGroup;
			children = (
				48E0A6321D97D63E00B1CC94 /* CacheHelper.h */,
				48E0A6331D97D63E00B1CC94 /* CacheHelper.m */,
				48E0A6341D97D63E00B1CC94 /* EncryptHelper.h */,
				48E0A6351D97D63E00B1CC94 /* EncryptHelper.m */,
				48E0A6361D97D63E00B1CC94 /* ResourceHelper.h */,
				48E0A6371D97D63E00B1CC94 /* ResourceHelper.m */,
			);
			path = helper;
			sourceTree = "<group>";
		};
		48E0A6531D9832F500B1CC94 /* util */ = {
			isa = PBXGroup;
			children = (
				48E0A6571D98330600B1CC94 /* Date.h */,
				48E0A6581D98330600B1CC94 /* Date.m */,
			);
			name = util;
			sourceTree = "<group>";
		};
		48E0A65F1D9834E700B1CC94 /* Frameworks */ = {
			isa = PBXGroup;
			children = (
				48E0A6711D9835E800B1CC94 /* libz.tbd */,
				48E0A66C1D98354400B1CC94 /* QuartzCore.framework */,
				48E0A66A1D98353E00B1CC94 /* CoreGraphics.framework */,
				48E0A6681D98353000B1CC94 /* Foundation.framework */,
				48E0A6661D98352A00B1CC94 /* UIKit.framework */,
				48E0A6641D98351A00B1CC94 /* MobileCoreServices.framework */,
				48E0A6621D9834EE00B1CC94 /* SystemConfiguration.framework */,
				48E0A6601D9834E700B1CC94 /* CFNetwork.framework */,
			);
			name = Frameworks;
			sourceTree = "<group>";
		};
		48E0A6731D99723000B1CC94 /* AFNetworking */ = {
			isa = PBXGroup;
			children = (
				48E0A6741D99723000B1CC94 /* AFHTTPSessionManager.h */,
				48E0A6751D99723000B1CC94 /* AFHTTPSessionManager.m */,
				48E0A6761D99723000B1CC94 /* AFNetworking.h */,
				48E0A6771D99723000B1CC94 /* AFNetworkReachabilityManager.h */,
				48E0A6781D99723000B1CC94 /* AFNetworkReachabilityManager.m */,
				48E0A6791D99723000B1CC94 /* AFSecurityPolicy.h */,
				48E0A67A1D99723000B1CC94 /* AFSecurityPolicy.m */,
				48E0A67B1D99723000B1CC94 /* AFURLRequestSerialization.h */,
				48E0A67C1D99723000B1CC94 /* AFURLRequestSerialization.m */,
				48E0A67D1D99723000B1CC94 /* AFURLResponseSerialization.h */,
				48E0A67E1D99723000B1CC94 /* AFURLResponseSerialization.m */,
				48E0A67F1D99723000B1CC94 /* AFURLSessionManager.h */,
				48E0A6801D99723000B1CC94 /* AFURLSessionManager.m */,
			);
			path = AFNetworking;
			sourceTree = "<group>";
		};
		48F635FC1D94158200721C36 = {
			isa = PBXGroup;
			children = (
				48F636071D94158200721C36 /* Kchat */,
				48F636061D94158200721C36 /* Products */,
				48E0A65F1D9834E700B1CC94 /* Frameworks */,
			);
			sourceTree = "<group>";
		};
		48F636061D94158200721C36 /* Products */ = {
			isa = PBXGroup;
			children = (
				48F636051D94158200721C36 /* Kchat.app */,
			);
			name = Products;
			sourceTree = "<group>";
		};
		48F636071D94158200721C36 /* Kchat */ = {
			isa = PBXGroup;
			children = (
				48E0A6871D9D592400B1CC94 /* back-white-nor@2x.png */,
				48E0A65D1D98344A00B1CC94 /* indicators.json */,
				48E0A6531D9832F500B1CC94 /* util */,
				48E0A64D1D98323500B1CC94 /* Section.h */,
				48E0A64E1D98323500B1CC94 /* Section.m */,
				48E0A6471D97D6C200B1CC94 /* Chart.h */,
				48E0A6481D97D6C200B1CC94 /* Chart.m */,
				48E0A64A1D97D9A100B1CC94 /* YAxis.h */,
				48E0A64B1D97D9A100B1CC94 /* YAxis.m */,
				48E0A6301D97D61200B1CC94 /* model */,
				48E0A60F1D97D52D00B1CC94 /* lib */,
				48F6360B1D94158200721C36 /* AppDelegate.h */,
				48F6360C1D94158200721C36 /* AppDelegate.m */,
				48F6360E1D94158200721C36 /* ViewController.h */,
				48F6360F1D94158200721C36 /* ViewController.m */,
				48F636111D94158200721C36 /* Main.storyboard */,
				48F636141D94158200721C36 /* Assets.xcassets */,
				48F636161D94158200721C36 /* LaunchScreen.storyboard */,
				48F636191D94158200721C36 /* Info.plist */,
				48F636081D94158200721C36 /* Supporting Files */,
				48F6361F1D941BF700721C36 /* KchatViewController.xib */,
				48E0A60A1D97D40D00B1CC94 /* ChartViewController.h */,
				48E0A60B1D97D40D00B1CC94 /* ChartViewController.m */,
				48E0A60C1D97D40D00B1CC94 /* ChartViewController.xib */,
			);
			path = Kchat;
			sourceTree = "<group>";
		};
		48F636081D94158200721C36 /* Supporting Files */ = {
			isa = PBXGroup;
			children = (
				48F636091D94158200721C36 /* main.m */,
			);
			name = "Supporting Files";
			sourceTree = "<group>";
		};
/* End PBXGroup section */

/* Begin PBXNativeTarget section */
		48F636041D94158200721C36 /* Kchat */ = {
			isa = PBXNativeTarget;
			buildConfigurationList = 48F6361C1D94158200721C36 /* Build configuration list for PBXNativeTarget "Kchat" */;
			buildPhases = (
				48F636011D94158200721C36 /* Sources */,
				48F636021D94158200721C36 /* Frameworks */,
				48F636031D94158200721C36 /* Resources */,
			);
			buildRules = (
			);
			dependencies = (
			);
			name = Kchat;
			productName = Kchat;
			productReference = 48F636051D94158200721C36 /* Kchat.app */;
			productType = "com.apple.product-type.application";
		};
/* End PBXNativeTarget section */

/* Begin PBXProject section */
		48F635FD1D94158200721C36 /* Project object */ = {
			isa = PBXProject;
			attributes = {
				LastUpgradeCheck = 0730;
				ORGANIZATIONNAME = "cedric cheng";
				TargetAttributes = {
					48F636041D94158200721C36 = {
						CreatedOnToolsVersion = 7.3.1;
						ProvisioningStyle = Manual;
					};
				};
			};
			buildConfigurationList = 48F636001D94158200721C36 /* Build configuration list for PBXProject "Kchat" */;
			compatibilityVersion = "Xcode 3.2";
			developmentRegion = English;
			hasScannedForEncodings = 0;
			knownRegions = (
				en,
				Base,
			);
			mainGroup = 48F635FC1D94158200721C36;
			productRefGroup = 48F636061D94158200721C36 /* Products */;
			projectDirPath = "";
			projectRoot = "";
			targets = (
				48F636041D94158200721C36 /* Kchat */,
			);
		};
/* End PBXProject section */

/* Begin PBXResourcesBuildPhase section */
		48F636031D94158200721C36 /* Resources */ = {
			isa = PBXResourcesBuildPhase;
			buildActionMask = 2147483647;
			files = (
				48E0A60E1D97D40D00B1CC94 /* ChartViewController.xib in Resources */,
				48E0A6881D9D592400B1CC94 /* back-white-nor@2x.png in Resources */,
				48F636181D94158200721C36 /* LaunchScreen.storyboard in Resources */,
				48F636151D94158200721C36 /* Assets.xcassets in Resources */,
				48F636201D941BF700721C36 /* KchatViewController.xib in Resources */,
				48F636131D94158200721C36 /* Main.storyboard in Resources */,
				48E0A65E1D98344A00B1CC94 /* indicators.json in Resources */,
			);
			runOnlyForDeploymentPostprocessing = 0;
		};
/* End PBXResourcesBuildPhase section */

/* Begin PBXSourcesBuildPhase section */
		48F636011D94158200721C36 /* Sources */ = {
			isa = PBXSourcesBuildPhase;
			buildActionMask = 2147483647;
			files = (
				48E0A6381D97D63E00B1CC94 /* CacheHelper.m in Sources */,
				48E0A64F1D98323500B1CC94 /* Section.m in Sources */,
				48E0A63A1D97D63E00B1CC94 /* ResourceHelper.m in Sources */,
				48F636101D94158200721C36 /* ViewController.m in Sources */,
				48E0A6521D98325E00B1CC94 /* LineChartModel.m in Sources */,
				48E0A63D1D97D69200B1CC94 /* AreaChartModel.m in Sources */,
				48E0A6491D97D6C200B1CC94 /* Chart.m in Sources */,
				48E0A6861D99723000B1CC94 /* AFURLSessionManager.m in Sources */,
				48E0A60D1D97D40D00B1CC94 /* ChartViewController.m in Sources */,
				48E0A6821D99723000B1CC94 /* AFNetworkReachabilityManager.m in Sources */,
				48E0A64C1D97D9A100B1CC94 /* YAxis.m in Sources */,
				48E0A6391D97D63E00B1CC94 /* EncryptHelper.m in Sources */,
				48E0A6851D99723000B1CC94 /* AFURLResponseSerialization.m in Sources */,
				48E0A6591D98330600B1CC94 /* Date.m in Sources */,
				48E0A6441D97D6B300B1CC94 /* CandleChartModel.m in Sources */,
				48F6360D1D94158200721C36 /* AppDelegate.m in Sources */,
				48E0A6451D97D6B300B1CC94 /* ChartModel.m in Sources */,
				48E0A6831D99723000B1CC94 /* AFSecurityPolicy.m in Sources */,
				48E0A65C1D98337400B1CC94 /* JSONKit.m in Sources */,
				48E0A6811D99723000B1CC94 /* AFHTTPSessionManager.m in Sources */,
				48E0A6841D99723000B1CC94 /* AFURLRequestSerialization.m in Sources */,
				48E0A6461D97D6B300B1CC94 /* ColumnChartModel.m in Sources */,
				48F6360A1D94158200721C36 /* main.m in Sources */,
			);
			runOnlyForDeploymentPostprocessing = 0;
		};
/* End PBXSourcesBuildPhase section */

/* Begin PBXVariantGroup section */
		48F636111D94158200721C36 /* Main.storyboard */ = {
			isa = PBXVariantGroup;
			children = (
				48F636121D94158200721C36 /* Base */,
			);
			name = Main.storyboard;
			sourceTree = "<group>";
		};
		48F636161D94158200721C36 /* LaunchScreen.storyboard */ = {
			isa = PBXVariantGroup;
			children = (
				48F636171D94158200721C36 /* Base */,
			);
			name = LaunchScreen.storyboard;
			sourceTree = "<group>";
		};
/* End PBXVariantGroup section */

/* Begin XCBuildConfiguration section */
		48F6361A1D94158200721C36 /* Debug */ = {
			isa = XCBuildConfiguration;
			buildSettings = {
				ALWAYS_SEARCH_USER_PATHS = NO;
				CLANG_ANALYZER_NONNULL = YES;
				CLANG_CXX_LANGUAGE_STANDARD = "gnu++0x";
				CLANG_CXX_LIBRARY = "libc++";
				CLANG_ENABLE_MODULES = YES;
				CLANG_ENABLE_OBJC_ARC = YES;
				CLANG_WARN_BOOL_CONVERSION = YES;
				CLANG_WARN_CONSTANT_CONVERSION = YES;
				CLANG_WARN_DIRECT_OBJC_ISA_USAGE = YES_ERROR;
				CLANG_WARN_EMPTY_BODY = YES;
				CLANG_WARN_ENUM_CONVERSION = YES;
				CLANG_WARN_INT_CONVERSION = YES;
				CLANG_WARN_OBJC_ROOT_CLASS = YES_ERROR;
				CLANG_WARN_UNREACHABLE_CODE = YES;
				CLANG_WARN__DUPLICATE_METHOD_MATCH = YES;
				"CODE_SIGN_IDENTITY[sdk=iphoneos*]" = "iPhone Developer";
				COPY_PHASE_STRIP = NO;
				DEBUG_INFORMATION_FORMAT = dwarf;
				ENABLE_STRICT_OBJC_MSGSEND = YES;
				ENABLE_TESTABILITY = YES;
				GCC_C_LANGUAGE_STANDARD = gnu99;
				GCC_DYNAMIC_NO_PIC = NO;
				GCC_NO_COMMON_BLOCKS = YES;
				GCC_OPTIMIZATION_LEVEL = 0;
				GCC_PREPROCESSOR_DEFINITIONS = (
					"DEBUG=1",
					"$(inherited)",
				);
				GCC_WARN_64_TO_32_BIT_CONVERSION = YES;
				GCC_WARN_ABOUT_RETURN_TYPE = YES_ERROR;
				GCC_WARN_UNDECLARED_SELECTOR = YES;
				GCC_WARN_UNINITIALIZED_AUTOS = YES_AGGRESSIVE;
				GCC_WARN_UNUSED_FUNCTION = YES;
				GCC_WARN_UNUSED_VARIABLE = YES;
				IPHONEOS_DEPLOYMENT_TARGET = 9.3;
				MTL_ENABLE_DEBUG_INFO = YES;
				ONLY_ACTIVE_ARCH = YES;
				SDKROOT = iphoneos;
			};
			name = Debug;
		};
		48F6361B1D94158200721C36 /* Release */ = {
			isa = XCBuildConfiguration;
			buildSettings = {
				ALWAYS_SEARCH_USER_PATHS = NO;
				CLANG_ANALYZER_NONNULL = YES;
				CLANG_CXX_LANGUAGE_STANDARD = "gnu++0x";
				CLANG_CXX_LIBRARY = "libc++";
				CLANG_ENABLE_MODULES = YES;
				CLANG_ENABLE_OBJC_ARC = YES;
				CLANG_WARN_BOOL_CONVERSION = YES;
				CLANG_WARN_CONSTANT_CONVERSION = YES;
				CLANG_WARN_DIRECT_OBJC_ISA_USAGE = YES_ERROR;
				CLANG_WARN_EMPTY_BODY = YES;
				CLANG_WARN_ENUM_CONVERSION = YES;
				CLANG_WARN_INT_CONVERSION = YES;
				CLANG_WARN_OBJC_ROOT_CLASS = YES_ERROR;
				CLANG_WARN_UNREACHABLE_CODE = YES;
				CLANG_WARN__DUPLICATE_METHOD_MATCH = YES;
				"CODE_SIGN_IDENTITY[sdk=iphoneos*]" = "iPhone Developer";
				COPY_PHASE_STRIP = NO;
				DEBUG_INFORMATION_FORMAT = "dwarf-with-dsym";
				ENABLE_NS_ASSERTIONS = NO;
				ENABLE_STRICT_OBJC_MSGSEND = YES;
				GCC_C_LANGUAGE_STANDARD = gnu99;
				GCC_NO_COMMON_BLOCKS = YES;
				GCC_WARN_64_TO_32_BIT_CONVERSION = YES;
				GCC_WARN_ABOUT_RETURN_TYPE = YES_ERROR;
				GCC_WARN_UNDECLARED_SELECTOR = YES;
				GCC_WARN_UNINITIALIZED_AUTOS = YES_AGGRESSIVE;
				GCC_WARN_UNUSED_FUNCTION = YES;
				GCC_WARN_UNUSED_VARIABLE = YES;
				IPHONEOS_DEPLOYMENT_TARGET = 9.3;
				MTL_ENABLE_DEBUG_INFO = NO;
				SDKROOT = iphoneos;
				VALIDATE_PRODUCT = YES;
			};
			name = Release;
		};
		48F6361D1D94158200721C36 /* Debug */ = {
			isa = XCBuildConfiguration;
			buildSettings = {
				ASSETCATALOG_COMPILER_APPICON_NAME = AppIcon;
				DEVELOPMENT_TEAM = "";
				INFOPLIST_FILE = Kchat/Info.plist;
				LD_RUNPATH_SEARCH_PATHS = "$(inherited) @executable_path/Frameworks";
				PRODUCT_BUNDLE_IDENTIFIER = com.cc.Kchat;
				PRODUCT_NAME = "$(TARGET_NAME)";
			};
			name = Debug;
		};
		48F6361E1D94158200721C36 /* Release */ = {
			isa = XCBuildConfiguration;
			buildSettings = {
				ASSETCATALOG_COMPILER_APPICON_NAME = AppIcon;
				DEVELOPMENT_TEAM = "";
				INFOPLIST_FILE = Kchat/Info.plist;
				LD_RUNPATH_SEARCH_PATHS = "$(inherited) @executable_path/Frameworks";
				PRODUCT_BUNDLE_IDENTIFIER = com.cc.Kchat;
				PRODUCT_NAME = "$(TARGET_NAME)";
			};
			name = Release;
		};
/* End XCBuildConfiguration section */

/* Begin XCConfigurationList section */
		48F636001D94158200721C36 /* Build configuration list for PBXProject "Kchat" */ = {
			isa = XCConfigurationList;
			buildConfigurations = (
				48F6361A1D94158200721C36 /* Debug */,
				48F6361B1D94158200721C36 /* Release */,
			);
			defaultConfigurationIsVisible = 0;
			defaultConfigurationName = Release;
		};
		48F6361C1D94158200721C36 /* Build configuration list for PBXNativeTarget "Kchat" */ = {
			isa = XCConfigurationList;
			buildConfigurations = (
				48F6361D1D94158200721C36 /* Debug */,
				48F6361E1D94158200721C36 /* Release */,
			);
			defaultConfigurationIsVisible = 0;
			defaultConfigurationName = Release;
		};
/* End XCConfigurationList section */
	};
	rootObject = 48F635FD1D94158200721C36 /* Project object */;
}
