// !$*UTF8*$!
{
	archiveVersion = 1;
	classes = {
	};
	objectVersion = 46;
	objects = {

/* Begin PBXBuildFile section */
		48943BDE1DAA4CE200C895A5 /* MBProgressHUD.m in Sources */ = {isa = PBXBuildFile; fileRef = 48943BDD1DAA4CE200C895A5 /* MBProgressHUD.m */; };
		48943BE51DAD104800C895A5 /* TestViewController.m in Sources */ = {isa = PBXBuildFile; fileRef = 48943BE31DAD104800C895A5 /* TestViewController.m */; };
		48943BE61DAD104800C895A5 /* TestViewController.xib in Resources */ = {isa = PBXBuildFile; fileRef = 48943BE41DAD104800C895A5 /* TestViewController.xib */; };
		48DA33A51DA55CDD0022C19E /* Charts.framework in Frameworks */ = {isa = PBXBuildFile; fileRef = 48DA33A41DA55CDD0022C19E /* Charts.framework */; };
		48DA33A61DA55CDD0022C19E /* Charts.framework in Embed Frameworks */ = {isa = PBXBuildFile; fileRef = 48DA33A41DA55CDD0022C19E /* Charts.framework */; settings = {ATTRIBUTES = (CodeSignOnCopy, RemoveHeadersOnCopy, ); }; };
		48DA33B11DA61D4D0022C19E /* DemoBaseViewController.m in Sources */ = {isa = PBXBuildFile; fileRef = 48DA33B01DA61D4D0022C19E /* DemoBaseViewController.m */; };
		48DA33D21DA62CBA0022C19E /* Kchat.swift in Sources */ = {isa = PBXBuildFile; fileRef = 48DA33D11DA62CBA0022C19E /* Kchat.swift */; };
		48E0A60D1D97D40D00B1CC94 /* ChartViewController.m in Sources */ = {isa = PBXBuildFile; fileRef = 48E0A60B1D97D40D00B1CC94 /* ChartViewController.m */; };
		48E0A60E1D97D40D00B1CC94 /* ChartViewController.xib in Resources */ = {isa = PBXBuildFile; fileRef = 48E0A60C1D97D40D00B1CC94 /* ChartViewController.xib */; };
		48E0A65C1D98337400B1CC94 /* JSONKit.m in Sources */ = {isa = PBXBuildFile; fileRef = 48E0A65B1D98337400B1CC94 /* JSONKit.m */; settings = {COMPILER_FLAGS = "-fno-objc-arc"; }; };
		48E0A6611D9834E700B1CC94 /* CFNetwork.framework in Frameworks */ = {isa = PBXBuildFile; fileRef = 48E0A6601D9834E700B1CC94 /* CFNetwork.framework */; };
		48E0A6631D9834EE00B1CC94 /* SystemConfiguration.framework in Frameworks */ = {isa = PBXBuildFile; fileRef = 48E0A6621D9834EE00B1CC94 /* SystemConfiguration.framework */; };
		48E0A6651D98351A00B1CC94 /* MobileCoreServices.framework in Frameworks */ = {isa = PBXBuildFile; fileRef = 48E0A6641D98351A00B1CC94 /* MobileCoreServices.framework */; };
		48E0A6671D98352A00B1CC94 /* UIKit.framework in Frameworks */ = {isa = PBXBuildFile; fileRef = 48E0A6661D98352A00B1CC94 /* UIKit.framework */; };
		48E0A6691D98353000B1CC94 /* Foundation.framework in Frameworks */ = {isa = PBXBuildFile; fileRef = 48E0A6681D98353000B1CC94 /* Foundation.framework */; };
		48E0A66B1D98353E00B1CC94 /* CoreGraphics.framework in Frameworks */ = {isa = PBXBuildFile; fileRef = 48E0A66A1D98353E00B1CC94 /* CoreGraphics.framework */; };
		48E0A66D1D98354400B1CC94 /* QuartzCore.framework in Frameworks */ = {isa = PBXBuildFile; fileRef = 48E0A66C1D98354400B1CC94 /* QuartzCore.framework */; };
		48E0A6721D9835E800B1CC94 /* libz.tbd in Frameworks */ = {isa = PBXBuildFile; fileRef = 48E0A6711D9835E800B1CC94 /* libz.tbd */; };
		48E0A6811D99723000B1CC94 /* AFHTTPSessionManager.m in Sources */ = {isa = PBXBuildFile; fileRef = 48E0A6751D99723000B1CC94 /* AFHTTPSessionManager.m */; };
		48E0A6821D99723000B1CC94 /* AFNetworkReachabilityManager.m in Sources */ = {isa = PBXBuildFile; fileRef = 48E0A6781D99723000B1CC94 /* AFNetworkReachabilityManager.m */; };
		48E0A6831D99723000B1CC94 /* AFSecurityPolicy.m in Sources */ = {isa = PBXBuildFile; fileRef = 48E0A67A1D99723000B1CC94 /* AFSecurityPolicy.m */; };
		48E0A6841D99723000B1CC94 /* AFURLRequestSerialization.m in Sources */ = {isa = PBXBuildFile; fileRef = 48E0A67C1D99723000B1CC94 /* AFURLRequestSerialization.m */; };
		48E0A6851D99723000B1CC94 /* AFURLResponseSerialization.m in Sources */ = {isa = PBXBuildFile; fileRef = 48E0A67E1D99723000B1CC94 /* AFURLResponseSerialization.m */; };
		48E0A6861D99723000B1CC94 /* AFURLSessionManager.m in Sources */ = {isa = PBXBuildFile; fileRef = 48E0A6801D99723000B1CC94 /* AFURLSessionManager.m */; };
		48F6360A1D94158200721C36 /* main.m in Sources */ = {isa = PBXBuildFile; fileRef = 48F636091D94158200721C36 /* main.m */; };
		48F6360D1D94158200721C36 /* AppDelegate.m in Sources */ = {isa = PBXBuildFile; fileRef = 48F6360C1D94158200721C36 /* AppDelegate.m */; };
		48F636101D94158200721C36 /* ViewController.m in Sources */ = {isa = PBXBuildFile; fileRef = 48F6360F1D94158200721C36 /* ViewController.m */; };
		48F636131D94158200721C36 /* Main.storyboard in Resources */ = {isa = PBXBuildFile; fileRef = 48F636111D94158200721C36 /* Main.storyboard */; };
		48F636151D94158200721C36 /* Assets.xcassets in Resources */ = {isa = PBXBuildFile; fileRef = 48F636141D94158200721C36 /* Assets.xcassets */; };
		48F636181D94158200721C36 /* LaunchScreen.storyboard in Resources */ = {isa = PBXBuildFile; fileRef = 48F636161D94158200721C36 /* LaunchScreen.storyboard */; };
		48F636201D941BF700721C36 /* KchatViewController.xib in Resources */ = {isa = PBXBuildFile; fileRef = 48F6361F1D941BF700721C36 /* KchatViewController.xib */; };
/* End PBXBuildFile section */

/* Begin PBXContainerItemProxy section */
		48DA339E1DA55C390022C19E /* PBXContainerItemProxy */ = {
			isa = PBXContainerItemProxy;
			containerPortal = 48DA33981DA55C390022C19E /* Charts.xcodeproj */;
			proxyType = 2;
			remoteGlobalIDString = 06165F241D8110E600722320;
			remoteInfo = Charts;
		};
		48DA33A01DA55C390022C19E /* PBXContainerItemProxy */ = {
			isa = PBXContainerItemProxy;
			containerPortal = 48DA33981DA55C390022C19E /* Charts.xcodeproj */;
			proxyType = 2;
			remoteGlobalIDString = 06B120D51D811E6200D14B02;
			remoteInfo = ChartsRealm;
		};
		48DA33A21DA55C390022C19E /* PBXContainerItemProxy */ = {
			isa = PBXContainerItemProxy;
			containerPortal = 48DA33981DA55C390022C19E /* Charts.xcodeproj */;
			proxyType = 2;
			remoteGlobalIDString = 06165F2E1D8110E600722320;
			remoteInfo = ChartsTests;
		};
/* End PBXContainerItemProxy section */

/* Begin PBXCopyFilesBuildPhase section */
		48DA33A71DA55CDD0022C19E /* Embed Frameworks */ = {
			isa = PBXCopyFilesBuildPhase;
			buildActionMask = 2147483647;
			dstPath = "";
			dstSubfolderSpec = 10;
			files = (
				48DA33A61DA55CDD0022C19E /* Charts.framework in Embed Frameworks */,
			);
			name = "Embed Frameworks";
			runOnlyForDeploymentPostprocessing = 0;
		};
/* End PBXCopyFilesBuildPhase section */

/* Begin PBXFileReference section */
		48943BDC1DAA4CE200C895A5 /* MBProgressHUD.h */ = {isa = PBXFileReference; fileEncoding = 4; lastKnownFileType = sourcecode.c.h; path = MBProgressHUD.h; sourceTree = "<group>"; };
		48943BDD1DAA4CE200C895A5 /* MBProgressHUD.m */ = {isa = PBXFileReference; fileEncoding = 4; lastKnownFileType = sourcecode.c.objc; path = MBProgressHUD.m; sourceTree = "<group>"; };
		48943BE21DAD104800C895A5 /* TestViewController.h */ = {isa = PBXFileReference; fileEncoding = 4; lastKnownFileType = sourcecode.c.h; path = TestViewController.h; sourceTree = "<group>"; };
		48943BE31DAD104800C895A5 /* TestViewController.m */ = {isa = PBXFileReference; fileEncoding = 4; lastKnownFileType = sourcecode.c.objc; path = TestViewController.m; sourceTree = "<group>"; };
		48943BE41DAD104800C895A5 /* TestViewController.xib */ = {isa = PBXFileReference; fileEncoding = 4; lastKnownFileType = file.xib; path = TestViewController.xib; sourceTree = "<group>"; };
		48DA33981DA55C390022C19E /* Charts.xcodeproj */ = {isa = PBXFileReference; lastKnownFileType = "wrapper.pb-project"; name = Charts.xcodeproj; path = ../../Charts/Charts.xcodeproj; sourceTree = "<group>"; };
		48DA33A41DA55CDD0022C19E /* Charts.framework */ = {isa = PBXFileReference; lastKnownFileType = wrapper.framework; path = Charts.framework; sourceTree = "<group>"; };
		48DA33AF1DA61D4D0022C19E /* DemoBaseViewController.h */ = {isa = PBXFileReference; fileEncoding = 4; lastKnownFileType = sourcecode.c.h; path = DemoBaseViewController.h; sourceTree = "<group>"; };
		48DA33B01DA61D4D0022C19E /* DemoBaseViewController.m */ = {isa = PBXFileReference; fileEncoding = 4; lastKnownFileType = sourcecode.c.objc; path = DemoBaseViewController.m; sourceTree = "<group>"; };
		48DA33D11DA62CBA0022C19E /* Kchat.swift */ = {isa = PBXFileReference; fileEncoding = 4; lastKnownFileType = sourcecode.swift; path = Kchat.swift; sourceTree = "<group>"; };
		48DA33D31DA62CE80022C19E /* Kchat-Bridging-Header.h */ = {isa = PBXFileReference; lastKnownFileType = sourcecode.c.h; path = "Kchat-Bridging-Header.h"; sourceTree = "<group>"; };
		48E0A60A1D97D40D00B1CC94 /* ChartViewController.h */ = {isa = PBXFileReference; fileEncoding = 4; lastKnownFileType = sourcecode.c.h; path = ChartViewController.h; sourceTree = "<group>"; };
		48E0A60B1D97D40D00B1CC94 /* ChartViewController.m */ = {isa = PBXFileReference; fileEncoding = 4; lastKnownFileType = sourcecode.c.objc; path = ChartViewController.m; sourceTree = "<group>"; };
		48E0A60C1D97D40D00B1CC94 /* ChartViewController.xib */ = {isa = PBXFileReference; fileEncoding = 4; lastKnownFileType = file.xib; path = ChartViewController.xib; sourceTree = "<group>"; };
		48E0A65A1D98337400B1CC94 /* JSONKit.h */ = {isa = PBXFileReference; fileEncoding = 4; lastKnownFileType = sourcecode.c.h; path = JSONKit.h; sourceTree = "<group>"; };
		48E0A65B1D98337400B1CC94 /* JSONKit.m */ = {isa = PBXFileReference; fileEncoding = 4; lastKnownFileType = sourcecode.c.objc; path = JSONKit.m; sourceTree = "<group>"; };
		48E0A6601D9834E700B1CC94 /* CFNetwork.framework */ = {isa = PBXFileReference; lastKnownFileType = wrapper.framework; name = CFNetwork.framework; path = System/Library/Frameworks/CFNetwork.framework; sourceTree = SDKROOT; };
		48E0A6621D9834EE00B1CC94 /* SystemConfiguration.framework */ = {isa = PBXFileReference; lastKnownFileType = wrapper.framework; name = SystemConfiguration.framework; path = System/Library/Frameworks/SystemConfiguration.framework; sourceTree = SDKROOT; };
		48E0A6641D98351A00B1CC94 /* MobileCoreServices.framework */ = {isa = PBXFileReference; lastKnownFileType = wrapper.framework; name = MobileCoreServices.framework; path = System/Library/Frameworks/MobileCoreServices.framework; sourceTree = SDKROOT; };
		48E0A6661D98352A00B1CC94 /* UIKit.framework */ = {isa = PBXFileReference; lastKnownFileType = wrapper.framework; name = UIKit.framework; path = System/Library/Frameworks/UIKit.framework; sourceTree = SDKROOT; };
		48E0A6681D98353000B1CC94 /* Foundation.framework */ = {isa = PBXFileReference; lastKnownFileType = wrapper.framework; name = Foundation.framework; path = System/Library/Frameworks/Foundation.framework; sourceTree = SDKROOT; };
		48E0A66A1D98353E00B1CC94 /* CoreGraphics.framework */ = {isa = PBXFileReference; lastKnownFileType = wrapper.framework; name = CoreGraphics.framework; path = System/Library/Frameworks/CoreGraphics.framework; sourceTree = SDKROOT; };
		48E0A66C1D98354400B1CC94 /* QuartzCore.framework */ = {isa = PBXFileReference; lastKnownFileType = wrapper.framework; name = QuartzCore.framework; path = System/Library/Frameworks/QuartzCore.framework; sourceTree = SDKROOT; };
		48E0A6711D9835E800B1CC94 /* libz.tbd */ = {isa = PBXFileReference; lastKnownFileType = "sourcecode.text-based-dylib-definition"; name = libz.tbd; path = usr/lib/libz.tbd; sourceTree = SDKROOT; };
		48E0A6741D99723000B1CC94 /* AFHTTPSessionManager.h */ = {isa = PBXFileReference; fileEncoding = 4; lastKnownFileType = sourcecode.c.h; path = AFHTTPSessionManager.h; sourceTree = "<group>"; };
		48E0A6751D99723000B1CC94 /* AFHTTPSessionManager.m */ = {isa = PBXFileReference; fileEncoding = 4; lastKnownFileType = sourcecode.c.objc; path = AFHTTPSessionManager.m; sourceTree = "<group>"; };
		48E0A6761D99723000B1CC94 /* AFNetworking.h */ = {isa = PBXFileReference; fileEncoding = 4; lastKnownFileType = sourcecode.c.h; path = AFNetworking.h; sourceTree = "<group>"; };
		48E0A6771D99723000B1CC94 /* AFNetworkReachabilityManager.h */ = {isa = PBXFileReference; fileEncoding = 4; lastKnownFileType = sourcecode.c.h; path = AFNetworkReachabilityManager.h; sourceTree = "<group>"; };
		48E0A6781D99723000B1CC94 /* AFNetworkReachabilityManager.m */ = {isa = PBXFileReference; fileEncoding = 4; lastKnownFileType = sourcecode.c.objc; path = AFNetworkReachabilityManager.m; sourceTree = "<group>"; };
		48E0A6791D99723000B1CC94 /* AFSecurityPolicy.h */ = {isa = PBXFileReference; fileEncoding = 4; lastKnownFileType = sourcecode.c.h; path = AFSecurityPolicy.h; sourceTree = "<group>"; };
		48E0A67A1D99723000B1CC94 /* AFSecurityPolicy.m */ = {isa = PBXFileReference; fileEncoding = 4; lastKnownFileType = sourcecode.c.objc; path = AFSecurityPolicy.m; sourceTree = "<group>"; };
		48E0A67B1D99723000B1CC94 /* AFURLRequestSerialization.h */ = {isa = PBXFileReference; fileEncoding = 4; lastKnownFileType = sourcecode.c.h; path = AFURLRequestSerialization.h; sourceTree = "<group>"; };
		48E0A67C1D99723000B1CC94 /* AFURLRequestSerialization.m */ = {isa = PBXFileReference; fileEncoding = 4; lastKnownFileType = sourcecode.c.objc; path = AFURLRequestSerialization.m; sourceTree = "<group>"; };
		48E0A67D1D99723000B1CC94 /* AFURLResponseSerialization.h */ = {isa = PBXFileReference; fileEncoding = 4; lastKnownFileType = sourcecode.c.h; path = AFURLResponseSerialization.h; sourceTree = "<group>"; };
		48E0A67E1D99723000B1CC94 /* AFURLResponseSerialization.m */ = {isa = PBXFileReference; fileEncoding = 4; lastKnownFileType = sourcecode.c.objc; path = AFURLResponseSerialization.m; sourceTree = "<group>"; };
		48E0A67F1D99723000B1CC94 /* AFURLSessionManager.h */ = {isa = PBXFileReference; fileEncoding = 4; lastKnownFileType = sourcecode.c.h; path = AFURLSessionManager.h; sourceTree = "<group>"; };
		48E0A6801D99723000B1CC94 /* AFURLSessionManager.m */ = {isa = PBXFileReference; fileEncoding = 4; lastKnownFileType = sourcecode.c.objc; path = AFURLSessionManager.m; sourceTree = "<group>"; };
		48F636051D94158200721C36 /* Kchat.app */ = {isa = PBXFileReference; explicitFileType = wrapper.application; includeInIndex = 0; path = Kchat.app; sourceTree = BUILT_PRODUCTS_DIR; };
		48F636091D94158200721C36 /* main.m */ = {isa = PBXFileReference; lastKnownFileType = sourcecode.c.objc; path = main.m; sourceTree = "<group>"; };
		48F6360B1D94158200721C36 /* AppDelegate.h */ = {isa = PBXFileReference; lastKnownFileType = sourcecode.c.h; path = AppDelegate.h; sourceTree = "<group>"; };
		48F6360C1D94158200721C36 /* AppDelegate.m */ = {isa = PBXFileReference; lastKnownFileType = sourcecode.c.objc; path = AppDelegate.m; sourceTree = "<group>"; };
		48F6360E1D94158200721C36 /* ViewController.h */ = {isa = PBXFileReference; lastKnownFileType = sourcecode.c.h; path = ViewController.h; sourceTree = "<group>"; };
		48F6360F1D94158200721C36 /* ViewController.m */ = {isa = PBXFileReference; lastKnownFileType = sourcecode.c.objc; path = ViewController.m; sourceTree = "<group>"; };
		48F636121D94158200721C36 /* Base */ = {isa = PBXFileReference; lastKnownFileType = file.storyboard; name = Base; path = Base.lproj/Main.storyboard; sourceTree = "<group>"; };
		48F636141D94158200721C36 /* Assets.xcassets */ = {isa = PBXFileReference; lastKnownFileType = folder.assetcatalog; path = Assets.xcassets; sourceTree = "<group>"; };
		48F636171D94158200721C36 /* Base */ = {isa = PBXFileReference; lastKnownFileType = file.storyboard; name = Base; path = Base.lproj/LaunchScreen.storyboard; sourceTree = "<group>"; };
		48F636191D94158200721C36 /* Info.plist */ = {isa = PBXFileReference; lastKnownFileType = text.plist.xml; path = Info.plist; sourceTree = "<group>"; };
		48F6361F1D941BF700721C36 /* KchatViewController.xib */ = {isa = PBXFileReference; fileEncoding = 4; lastKnownFileType = file.xib; path = KchatViewController.xib; sourceTree = "<group>"; };
/* End PBXFileReference section */

/* Begin PBXFrameworksBuildPhase section */
		48F636021D94158200721C36 /* Frameworks */ = {
			isa = PBXFrameworksBuildPhase;
			buildActionMask = 2147483647;
			files = (
				48E0A6721D9835E800B1CC94 /* libz.tbd in Frameworks */,
				48E0A66D1D98354400B1CC94 /* QuartzCore.framework in Frameworks */,
				48E0A66B1D98353E00B1CC94 /* CoreGraphics.framework in Frameworks */,
				48DA33A51DA55CDD0022C19E /* Charts.framework in Frameworks */,
				48E0A6691D98353000B1CC94 /* Foundation.framework in Frameworks */,
				48E0A6671D98352A00B1CC94 /* UIKit.framework in Frameworks */,
				48E0A6651D98351A00B1CC94 /* MobileCoreServices.framework in Frameworks */,
				48E0A6631D9834EE00B1CC94 /* SystemConfiguration.framework in Frameworks */,
				48E0A6611D9834E700B1CC94 /* CFNetwork.framework in Frameworks */,
			);
			runOnlyForDeploymentPostprocessing = 0;
		};
/* End PBXFrameworksBuildPhase section */

/* Begin PBXGroup section */
		48DA33991DA55C390022C19E /* Products */ = {
			isa = PBXGroup;
			children = (
				48DA339F1DA55C390022C19E /* Charts.framework */,
				48DA33A11DA55C390022C19E /* ChartsRealm.framework */,
				48DA33A31DA55C390022C19E /* ChartsTests.xctest */,
			);
			name = Products;
			sourceTree = "<group>";
		};
		48E0A60F1D97D52D00B1CC94 /* lib */ = {
			isa = PBXGroup;
			children = (
				48943BDC1DAA4CE200C895A5 /* MBProgressHUD.h */,
				48943BDD1DAA4CE200C895A5 /* MBProgressHUD.m */,
				48E0A6731D99723000B1CC94 /* AFNetworking */,
				48E0A65A1D98337400B1CC94 /* JSONKit.h */,
				48E0A65B1D98337400B1CC94 /* JSONKit.m */,
			);
			name = lib;
			sourceTree = "<group>";
		};
		48E0A65F1D9834E700B1CC94 /* Frameworks */ = {
			isa = PBXGroup;
			children = (
				48E0A6711D9835E800B1CC94 /* libz.tbd */,
				48E0A66C1D98354400B1CC94 /* QuartzCore.framework */,
				48E0A66A1D98353E00B1CC94 /* CoreGraphics.framework */,
				48E0A6681D98353000B1CC94 /* Foundation.framework */,
				48E0A6661D98352A00B1CC94 /* UIKit.framework */,
				48E0A6641D98351A00B1CC94 /* MobileCoreServices.framework */,
				48E0A6621D9834EE00B1CC94 /* SystemConfiguration.framework */,
				48E0A6601D9834E700B1CC94 /* CFNetwork.framework */,
			);
			name = Frameworks;
			sourceTree = "<group>";
		};
		48E0A6731D99723000B1CC94 /* AFNetworking */ = {
			isa = PBXGroup;
			children = (
				48E0A6741D99723000B1CC94 /* AFHTTPSessionManager.h */,
				48E0A6751D99723000B1CC94 /* AFHTTPSessionManager.m */,
				48E0A6761D99723000B1CC94 /* AFNetworking.h */,
				48E0A6771D99723000B1CC94 /* AFNetworkReachabilityManager.h */,
				48E0A6781D99723000B1CC94 /* AFNetworkReachabilityManager.m */,
				48E0A6791D99723000B1CC94 /* AFSecurityPolicy.h */,
				48E0A67A1D99723000B1CC94 /* AFSecurityPolicy.m */,
				48E0A67B1D99723000B1CC94 /* AFURLRequestSerialization.h */,
				48E0A67C1D99723000B1CC94 /* AFURLRequestSerialization.m */,
				48E0A67D1D99723000B1CC94 /* AFURLResponseSerialization.h */,
				48E0A67E1D99723000B1CC94 /* AFURLResponseSerialization.m */,
				48E0A67F1D99723000B1CC94 /* AFURLSessionManager.h */,
				48E0A6801D99723000B1CC94 /* AFURLSessionManager.m */,
			);
			path = AFNetworking;
			sourceTree = "<group>";
		};
		48F635FC1D94158200721C36 = {
			isa = PBXGroup;
			children = (
				48DA33D31DA62CE80022C19E /* Kchat-Bridging-Header.h */,
				48DA33D11DA62CBA0022C19E /* Kchat.swift */,
				48DA33A41DA55CDD0022C19E /* Charts.framework */,
				48DA33981DA55C390022C19E /* Charts.xcodeproj */,
				48E0A65F1D9834E700B1CC94 /* Frameworks */,
				48F636071D94158200721C36 /* Kchat */,
				48F636061D94158200721C36 /* Products */,
			);
			sourceTree = "<group>";
		};
		48F636061D94158200721C36 /* Products */ = {
			isa = PBXGroup;
			children = (
				48F636051D94158200721C36 /* Kchat.app */,
			);
			name = Products;
			sourceTree = "<group>";
		};
		48F636071D94158200721C36 /* Kchat */ = {
			isa = PBXGroup;
			children = (
				48F6360B1D94158200721C36 /* AppDelegate.h */,
				48F6360C1D94158200721C36 /* AppDelegate.m */,
				48F636141D94158200721C36 /* Assets.xcassets */,
				48E0A60A1D97D40D00B1CC94 /* ChartViewController.h */,
				48E0A60B1D97D40D00B1CC94 /* ChartViewController.m */,
				48E0A60C1D97D40D00B1CC94 /* ChartViewController.xib */,
				48DA33AF1DA61D4D0022C19E /* DemoBaseViewController.h */,
				48DA33B01DA61D4D0022C19E /* DemoBaseViewController.m */,
				48F636191D94158200721C36 /* Info.plist */,
				48F6361F1D941BF700721C36 /* KchatViewController.xib */,
				48F636161D94158200721C36 /* LaunchScreen.storyboard */,
				48E0A60F1D97D52D00B1CC94 /* lib */,
				48F636111D94158200721C36 /* Main.storyboard */,
				48F636081D94158200721C36 /* Supporting Files */,
				48F6360E1D94158200721C36 /* ViewController.h */,
				48F6360F1D94158200721C36 /* ViewController.m */,
				48943BE21DAD104800C895A5 /* TestViewController.h */,
				48943BE31DAD104800C895A5 /* TestViewController.m */,
				48943BE41DAD104800C895A5 /* TestViewController.xib */,
			);
			path = Kchat;
			sourceTree = "<group>";
		};
		48F636081D94158200721C36 /* Supporting Files */ = {
			isa = PBXGroup;
			children = (
				48F636091D94158200721C36 /* main.m */,
			);
			name = "Supporting Files";
			sourceTree = "<group>";
		};
/* End PBXGroup section */

/* Begin PBXNativeTarget section */
		48F636041D94158200721C36 /* Kchat */ = {
			isa = PBXNativeTarget;
			buildConfigurationList = 48F6361C1D94158200721C36 /* Build configuration list for PBXNativeTarget "Kchat" */;
			buildPhases = (
				48F636011D94158200721C36 /* Sources */,
				48F636021D94158200721C36 /* Frameworks */,
				48F636031D94158200721C36 /* Resources */,
				48DA33A71DA55CDD0022C19E /* Embed Frameworks */,
			);
			buildRules = (
			);
			dependencies = (
			);
			name = Kchat;
			productName = Kchat;
			productReference = 48F636051D94158200721C36 /* Kchat.app */;
			productType = "com.apple.product-type.application";
		};
/* End PBXNativeTarget section */

/* Begin PBXProject section */
		48F635FD1D94158200721C36 /* Project object */ = {
			isa = PBXProject;
			attributes = {
				LastUpgradeCheck = 0730;
				ORGANIZATIONNAME = "cedric cheng";
				TargetAttributes = {
					48F636041D94158200721C36 = {
						CreatedOnToolsVersion = 7.3.1;
						LastSwiftMigration = 0800;
						ProvisioningStyle = Manual;
					};
				};
			};
			buildConfigurationList = 48F636001D94158200721C36 /* Build configuration list for PBXProject "Kchat" */;
			compatibilityVersion = "Xcode 3.2";
			developmentRegion = English;
			hasScannedForEncodings = 0;
			knownRegions = (
				en,
				Base,
			);
			mainGroup = 48F635FC1D94158200721C36;
			productRefGroup = 48F636061D94158200721C36 /* Products */;
			projectDirPath = "";
			projectReferences = (
				{
					ProductGroup = 48DA33991DA55C390022C19E /* Products */;
					ProjectRef = 48DA33981DA55C390022C19E /* Charts.xcodeproj */;
				},
			);
			projectRoot = "";
			targets = (
				48F636041D94158200721C36 /* Kchat */,
			);
		};
/* End PBXProject section */

/* Begin PBXReferenceProxy section */
		48DA339F1DA55C390022C19E /* Charts.framework */ = {
			isa = PBXReferenceProxy;
			fileType = wrapper.framework;
			path = Charts.framework;
			remoteRef = 48DA339E1DA55C390022C19E /* PBXContainerItemProxy */;
			sourceTree = BUILT_PRODUCTS_DIR;
		};
		48DA33A11DA55C390022C19E /* ChartsRealm.framework */ = {
			isa = PBXReferenceProxy;
			fileType = wrapper.framework;
			path = ChartsRealm.framework;
			remoteRef = 48DA33A01DA55C390022C19E /* PBXContainerItemProxy */;
			sourceTree = BUILT_PRODUCTS_DIR;
		};
		48DA33A31DA55C390022C19E /* ChartsTests.xctest */ = {
			isa = PBXReferenceProxy;
			fileType = wrapper.cfbundle;
			path = ChartsTests.xctest;
			remoteRef = 48DA33A21DA55C390022C19E /* PBXContainerItemProxy */;
			sourceTree = BUILT_PRODUCTS_DIR;
		};
/* End PBXReferenceProxy section */

/* Begin PBXResourcesBuildPhase section */
		48F636031D94158200721C36 /* Resources */ = {
			isa = PBXResourcesBuildPhase;
			buildActionMask = 2147483647;
			files = (
				48E0A60E1D97D40D00B1CC94 /* ChartViewController.xib in Resources */,
				48F636181D94158200721C36 /* LaunchScreen.storyboard in Resources */,
				48F636151D94158200721C36 /* Assets.xcassets in Resources */,
				48F636201D941BF700721C36 /* KchatViewController.xib in Resources */,
				48943BE61DAD104800C895A5 /* TestViewController.xib in Resources */,
				48F636131D94158200721C36 /* Main.storyboard in Resources */,
			);
			runOnlyForDeploymentPostprocessing = 0;
		};
/* End PBXResourcesBuildPhase section */

/* Begin PBXSourcesBuildPhase section */
		48F636011D94158200721C36 /* Sources */ = {
			isa = PBXSourcesBuildPhase;
			buildActionMask = 2147483647;
			files = (
				48DA33D21DA62CBA0022C19E /* Kchat.swift in Sources */,
				48F636101D94158200721C36 /* ViewController.m in Sources */,
				48E0A6861D99723000B1CC94 /* AFURLSessionManager.m in Sources */,
				48E0A60D1D97D40D00B1CC94 /* ChartViewController.m in Sources */,
				48E0A6821D99723000B1CC94 /* AFNetworkReachabilityManager.m in Sources */,
				48E0A6851D99723000B1CC94 /* AFURLResponseSerialization.m in Sources */,
				48F6360D1D94158200721C36 /* AppDelegate.m in Sources */,
				48943BDE1DAA4CE200C895A5 /* MBProgressHUD.m in Sources */,
				48E0A6831D99723000B1CC94 /* AFSecurityPolicy.m in Sources */,
				48E0A65C1D98337400B1CC94 /* JSONKit.m in Sources */,
				48E0A6811D99723000B1CC94 /* AFHTTPSessionManager.m in Sources */,
				48943BE51DAD104800C895A5 /* TestViewController.m in Sources */,
				48E0A6841D99723000B1CC94 /* AFURLRequestSerialization.m in Sources */,
				48DA33B11DA61D4D0022C19E /* DemoBaseViewController.m in Sources */,
				48F6360A1D94158200721C36 /* main.m in Sources */,
			);
			runOnlyForDeploymentPostprocessing = 0;
		};
/* End PBXSourcesBuildPhase section */

/* Begin PBXVariantGroup section */
		48F636111D94158200721C36 /* Main.storyboard */ = {
			isa = PBXVariantGroup;
			children = (
				48F636121D94158200721C36 /* Base */,
			);
			name = Main.storyboard;
			sourceTree = "<group>";
		};
		48F636161D94158200721C36 /* LaunchScreen.storyboard */ = {
			isa = PBXVariantGroup;
			children = (
				48F636171D94158200721C36 /* Base */,
			);
			name = LaunchScreen.storyboard;
			sourceTree = "<group>";
		};
/* End PBXVariantGroup section */

/* Begin XCBuildConfiguration section */
		48F6361A1D94158200721C36 /* Debug */ = {
			isa = XCBuildConfiguration;
			buildSettings = {
				ALWAYS_EMBED_SWIFT_STANDARD_LIBRARIES = NO;
				ALWAYS_SEARCH_USER_PATHS = NO;
				CLANG_ANALYZER_NONNULL = YES;
				CLANG_CXX_LANGUAGE_STANDARD = "gnu++0x";
				CLANG_CXX_LIBRARY = "libc++";
				CLANG_ENABLE_MODULES = YES;
				CLANG_ENABLE_OBJC_ARC = YES;
				CLANG_WARN_BOOL_CONVERSION = YES;
				CLANG_WARN_CONSTANT_CONVERSION = YES;
				CLANG_WARN_DIRECT_OBJC_ISA_USAGE = YES_ERROR;
				CLANG_WARN_EMPTY_BODY = YES;
				CLANG_WARN_ENUM_CONVERSION = YES;
				CLANG_WARN_INT_CONVERSION = YES;
				CLANG_WARN_OBJC_ROOT_CLASS = YES_ERROR;
				CLANG_WARN_UNREACHABLE_CODE = YES;
				CLANG_WARN__DUPLICATE_METHOD_MATCH = YES;
				"CODE_SIGN_IDENTITY[sdk=iphoneos*]" = "iPhone Developer";
				COPY_PHASE_STRIP = NO;
				DEBUG_INFORMATION_FORMAT = dwarf;
				ENABLE_STRICT_OBJC_MSGSEND = YES;
				ENABLE_TESTABILITY = YES;
				GCC_C_LANGUAGE_STANDARD = gnu99;
				GCC_DYNAMIC_NO_PIC = NO;
				GCC_NO_COMMON_BLOCKS = YES;
				GCC_OPTIMIZATION_LEVEL = 0;
				GCC_PREPROCESSOR_DEFINITIONS = (
					"DEBUG=1",
					"$(inherited)",
				);
				GCC_WARN_64_TO_32_BIT_CONVERSION = YES;
				GCC_WARN_ABOUT_RETURN_TYPE = YES_ERROR;
				GCC_WARN_UNDECLARED_SELECTOR = YES;
				GCC_WARN_UNINITIALIZED_AUTOS = YES_AGGRESSIVE;
				GCC_WARN_UNUSED_FUNCTION = YES;
				GCC_WARN_UNUSED_VARIABLE = YES;
				IPHONEOS_DEPLOYMENT_TARGET = 9.3;
				MTL_ENABLE_DEBUG_INFO = YES;
				ONLY_ACTIVE_ARCH = YES;
				SDKROOT = iphoneos;
			};
			name = Debug;
		};
		48F6361B1D94158200721C36 /* Release */ = {
			isa = XCBuildConfiguration;
			buildSettings = {
				ALWAYS_EMBED_SWIFT_STANDARD_LIBRARIES = NO;
				ALWAYS_SEARCH_USER_PATHS = NO;
				CLANG_ANALYZER_NONNULL = YES;
				CLANG_CXX_LANGUAGE_STANDARD = "gnu++0x";
				CLANG_CXX_LIBRARY = "libc++";
				CLANG_ENABLE_MODULES = YES;
				CLANG_ENABLE_OBJC_ARC = YES;
				CLANG_WARN_BOOL_CONVERSION = YES;
				CLANG_WARN_CONSTANT_CONVERSION = YES;
				CLANG_WARN_DIRECT_OBJC_ISA_USAGE = YES_ERROR;
				CLANG_WARN_EMPTY_BODY = YES;
				CLANG_WARN_ENUM_CONVERSION = YES;
				CLANG_WARN_INT_CONVERSION = YES;
				CLANG_WARN_OBJC_ROOT_CLASS = YES_ERROR;
				CLANG_WARN_UNREACHABLE_CODE = YES;
				CLANG_WARN__DUPLICATE_METHOD_MATCH = YES;
				"CODE_SIGN_IDENTITY[sdk=iphoneos*]" = "iPhone Developer";
				COPY_PHASE_STRIP = NO;
				DEBUG_INFORMATION_FORMAT = "dwarf-with-dsym";
				ENABLE_NS_ASSERTIONS = NO;
				ENABLE_STRICT_OBJC_MSGSEND = YES;
				GCC_C_LANGUAGE_STANDARD = gnu99;
				GCC_NO_COMMON_BLOCKS = YES;
				GCC_WARN_64_TO_32_BIT_CONVERSION = YES;
				GCC_WARN_ABOUT_RETURN_TYPE = YES_ERROR;
				GCC_WARN_UNDECLARED_SELECTOR = YES;
				GCC_WARN_UNINITIALIZED_AUTOS = YES_AGGRESSIVE;
				GCC_WARN_UNUSED_FUNCTION = YES;
				GCC_WARN_UNUSED_VARIABLE = YES;
				IPHONEOS_DEPLOYMENT_TARGET = 9.3;
				MTL_ENABLE_DEBUG_INFO = NO;
				SDKROOT = iphoneos;
				VALIDATE_PRODUCT = YES;
			};
			name = Release;
		};
		48F6361D1D94158200721C36 /* Debug */ = {
			isa = XCBuildConfiguration;
			buildSettings = {
				ALWAYS_EMBED_SWIFT_STANDARD_LIBRARIES = NO;
				ASSETCATALOG_COMPILER_APPICON_NAME = AppIcon;
				CLANG_ENABLE_MODULES = YES;
				DEVELOPMENT_TEAM = "";
				FRAMEWORK_SEARCH_PATHS = (
					"$(inherited)",
					"$(PROJECT_DIR)",
				);
				INFOPLIST_FILE = Kchat/Info.plist;
				LD_RUNPATH_SEARCH_PATHS = "$(inherited) @executable_path/Frameworks";
				PRODUCT_BUNDLE_IDENTIFIER = com.cc.Kchat;
				PRODUCT_NAME = "$(TARGET_NAME)";
				SWIFT_OBJC_BRIDGING_HEADER = "Kchat-Bridging-Header.h";
				SWIFT_OPTIMIZATION_LEVEL = "-Onone";
				SWIFT_VERSION = 3.0;
			};
			name = Debug;
		};
		48F6361E1D94158200721C36 /* Release */ = {
			isa = XCBuildConfiguration;
			buildSettings = {
				ALWAYS_EMBED_SWIFT_STANDARD_LIBRARIES = NO;
				ASSETCATALOG_COMPILER_APPICON_NAME = AppIcon;
				CLANG_ENABLE_MODULES = YES;
				DEVELOPMENT_TEAM = "";
				FRAMEWORK_SEARCH_PATHS = (
					"$(inherited)",
					"$(PROJECT_DIR)",
				);
				INFOPLIST_FILE = Kchat/Info.plist;
				LD_RUNPATH_SEARCH_PATHS = "$(inherited) @executable_path/Frameworks";
				PRODUCT_BUNDLE_IDENTIFIER = com.cc.Kchat;
				PRODUCT_NAME = "$(TARGET_NAME)";
				SWIFT_OBJC_BRIDGING_HEADER = "Kchat-Bridging-Header.h";
				SWIFT_VERSION = 3.0;
			};
			name = Release;
		};
/* End XCBuildConfiguration section */

/* Begin XCConfigurationList section */
		48F636001D94158200721C36 /* Build configuration list for PBXProject "Kchat" */ = {
			isa = XCConfigurationList;
			buildConfigurations = (
				48F6361A1D94158200721C36 /* Debug */,
				48F6361B1D94158200721C36 /* Release */,
			);
			defaultConfigurationIsVisible = 0;
			defaultConfigurationName = Release;
		};
		48F6361C1D94158200721C36 /* Build configuration list for PBXNativeTarget "Kchat" */ = {
			isa = XCConfigurationList;
			buildConfigurations = (
				48F6361D1D94158200721C36 /* Debug */,
				48F6361E1D94158200721C36 /* Release */,
			);
			defaultConfigurationIsVisible = 0;
			defaultConfigurationName = Release;
		};
/* End XCConfigurationList section */
	};
	rootObject = 48F635FD1D94158200721C36 /* Project object */;
}
